// !$*UTF8*$!
{
	archiveVersion = 1;
	classes = {
	};
	objectVersion = 48;
	objects = {

/* Begin PBXBuildFile section */
		3F8F303B204701B5000E250D /* AppDelegate.swift in Sources */ = {isa = PBXBuildFile; fileRef = 3F8F303A204701B5000E250D /* AppDelegate.swift */; };
		3F8F303D204701B5000E250D /* ViewController.swift in Sources */ = {isa = PBXBuildFile; fileRef = 3F8F303C204701B5000E250D /* ViewController.swift */; };
		3F8F3040204701B5000E250D /* Main.storyboard in Resources */ = {isa = PBXBuildFile; fileRef = 3F8F303E204701B5000E250D /* Main.storyboard */; };
		3F8F3042204701B5000E250D /* Assets.xcassets in Resources */ = {isa = PBXBuildFile; fileRef = 3F8F3041204701B5000E250D /* Assets.xcassets */; };
		3F8F3045204701B5000E250D /* LaunchScreen.storyboard in Resources */ = {isa = PBXBuildFile; fileRef = 3F8F3043204701B5000E250D /* LaunchScreen.storyboard */; };
		3F8F3050204701B5000E250D /* SymposiumTests.swift in Sources */ = {isa = PBXBuildFile; fileRef = 3F8F304F204701B5000E250D /* SymposiumTests.swift */; };
		3F8F305B204701B6000E250D /* SymposiumUITests.swift in Sources */ = {isa = PBXBuildFile; fileRef = 3F8F305A204701B6000E250D /* SymposiumUITests.swift */; };
/* End PBXBuildFile section */

/* Begin PBXContainerItemProxy section */
		3F8F304C204701B5000E250D /* PBXContainerItemProxy */ = {
			isa = PBXContainerItemProxy;
			containerPortal = 3F8F302F204701B4000E250D /* Project object */;
			proxyType = 1;
			remoteGlobalIDString = 3F8F3036204701B4000E250D;
			remoteInfo = Symposium;
		};
		3F8F3057204701B6000E250D /* PBXContainerItemProxy */ = {
			isa = PBXContainerItemProxy;
			containerPortal = 3F8F302F204701B4000E250D /* Project object */;
			proxyType = 1;
			remoteGlobalIDString = 3F8F3036204701B4000E250D;
			remoteInfo = Symposium;
		};
/* End PBXContainerItemProxy section */

/* Begin PBXFileReference section */
		3F8F3037204701B5000E250D /* Symposium.app */ = {isa = PBXFileReference; explicitFileType = wrapper.application; includeInIndex = 0; path = Symposium.app; sourceTree = BUILT_PRODUCTS_DIR; };
		3F8F303A204701B5000E250D /* AppDelegate.swift */ = {isa = PBXFileReference; lastKnownFileType = sourcecode.swift; path = AppDelegate.swift; sourceTree = "<group>"; };
		3F8F303C204701B5000E250D /* ViewController.swift */ = {isa = PBXFileReference; lastKnownFileType = sourcecode.swift; path = ViewController.swift; sourceTree = "<group>"; };
		3F8F303F204701B5000E250D /* Base */ = {isa = PBXFileReference; lastKnownFileType = file.storyboard; name = Base; path = Base.lproj/Main.storyboard; sourceTree = "<group>"; };
		3F8F3041204701B5000E250D /* Assets.xcassets */ = {isa = PBXFileReference; lastKnownFileType = folder.assetcatalog; path = Assets.xcassets; sourceTree = "<group>"; };
		3F8F3044204701B5000E250D /* Base */ = {isa = PBXFileReference; lastKnownFileType = file.storyboard; name = Base; path = Base.lproj/LaunchScreen.storyboard; sourceTree = "<group>"; };
		3F8F3046204701B5000E250D /* Info.plist */ = {isa = PBXFileReference; lastKnownFileType = text.plist.xml; path = Info.plist; sourceTree = "<group>"; };
		3F8F304B204701B5000E250D /* SymposiumTests.xctest */ = {isa = PBXFileReference; explicitFileType = wrapper.cfbundle; includeInIndex = 0; path = SymposiumTests.xctest; sourceTree = BUILT_PRODUCTS_DIR; };
		3F8F304F204701B5000E250D /* SymposiumTests.swift */ = {isa = PBXFileReference; lastKnownFileType = sourcecode.swift; path = SymposiumTests.swift; sourceTree = "<group>"; };
		3F8F3051204701B6000E250D /* Info.plist */ = {isa = PBXFileReference; lastKnownFileType = text.plist.xml; path = Info.plist; sourceTree = "<group>"; };
		3F8F3056204701B6000E250D /* SymposiumUITests.xctest */ = {isa = PBXFileReference; explicitFileType = wrapper.cfbundle; includeInIndex = 0; path = SymposiumUITests.xctest; sourceTree = BUILT_PRODUCTS_DIR; };
		3F8F305A204701B6000E250D /* SymposiumUITests.swift */ = {isa = PBXFileReference; lastKnownFileType = sourcecode.swift; path = SymposiumUITests.swift; sourceTree = "<group>"; };
		3F8F305C204701B6000E250D /* Info.plist */ = {isa = PBXFileReference; lastKnownFileType = text.plist.xml; path = Info.plist; sourceTree = "<group>"; };
/* End PBXFileReference section */

/* Begin PBXFrameworksBuildPhase section */
		3F8F3034204701B4000E250D /* Frameworks */ = {
			isa = PBXFrameworksBuildPhase;
			buildActionMask = 2147483647;
			files = (
			);
			runOnlyForDeploymentPostprocessing = 0;
		};
		3F8F3048204701B5000E250D /* Frameworks */ = {
			isa = PBXFrameworksBuildPhase;
			buildActionMask = 2147483647;
			files = (
			);
			runOnlyForDeploymentPostprocessing = 0;
		};
		3F8F3053204701B6000E250D /* Frameworks */ = {
			isa = PBXFrameworksBuildPhase;
			buildActionMask = 2147483647;
			files = (
			);
			runOnlyForDeploymentPostprocessing = 0;
		};
/* End PBXFrameworksBuildPhase section */

/* Begin PBXGroup section */
		3F8F302E204701B4000E250D = {
			isa = PBXGroup;
			children = (
				3F8F3039204701B5000E250D /* Symposium */,
				3F8F304E204701B5000E250D /* SymposiumTests */,
				3F8F3059204701B6000E250D /* SymposiumUITests */,
				3F8F3038204701B5000E250D /* Products */,
			);
			sourceTree = "<group>";
		};
		3F8F3038204701B5000E250D /* Products */ = {
			isa = PBXGroup;
			children = (
				3F8F3037204701B5000E250D /* Symposium.app */,
				3F8F304B204701B5000E250D /* SymposiumTests.xctest */,
				3F8F3056204701B6000E250D /* SymposiumUITests.xctest */,
			);
			name = Products;
			sourceTree = "<group>";
		};
		3F8F3039204701B5000E250D /* Symposium */ = {
			isa = PBXGroup;
			children = (
				3F8F303A204701B5000E250D /* AppDelegate.swift */,
				3F8F303C204701B5000E250D /* ViewController.swift */,
				3F8F303E204701B5000E250D /* Main.storyboard */,
				3F8F3041204701B5000E250D /* Assets.xcassets */,
				3F8F3043204701B5000E250D /* LaunchScreen.storyboard */,
				3F8F3046204701B5000E250D /* Info.plist */,
			);
			path = Symposium;
			sourceTree = "<group>";
		};
		3F8F304E204701B5000E250D /* SymposiumTests */ = {
			isa = PBXGroup;
			children = (
				3F8F304F204701B5000E250D /* SymposiumTests.swift */,
				3F8F3051204701B6000E250D /* Info.plist */,
			);
			path = SymposiumTests;
			sourceTree = "<group>";
		};
		3F8F3059204701B6000E250D /* SymposiumUITests */ = {
			isa = PBXGroup;
			children = (
				3F8F305A204701B6000E250D /* SymposiumUITests.swift */,
				3F8F305C204701B6000E250D /* Info.plist */,
			);
			path = SymposiumUITests;
			sourceTree = "<group>";
		};
/* End PBXGroup section */

/* Begin PBXNativeTarget section */
		3F8F3036204701B4000E250D /* Symposium */ = {
			isa = PBXNativeTarget;
			buildConfigurationList = 3F8F305F204701B6000E250D /* Build configuration list for PBXNativeTarget "Symposium" */;
			buildPhases = (
				3F8F3033204701B4000E250D /* Sources */,
				3F8F3034204701B4000E250D /* Frameworks */,
				3F8F3035204701B4000E250D /* Resources */,
			);
			buildRules = (
			);
			dependencies = (
			);
			name = Symposium;
			productName = Symposium;
			productReference = 3F8F3037204701B5000E250D /* Symposium.app */;
			productType = "com.apple.product-type.application";
		};
		3F8F304A204701B5000E250D /* SymposiumTests */ = {
			isa = PBXNativeTarget;
			buildConfigurationList = 3F8F3062204701B6000E250D /* Build configuration list for PBXNativeTarget "SymposiumTests" */;
			buildPhases = (
				3F8F3047204701B5000E250D /* Sources */,
				3F8F3048204701B5000E250D /* Frameworks */,
				3F8F3049204701B5000E250D /* Resources */,
			);
			buildRules = (
			);
			dependencies = (
				3F8F304D204701B5000E250D /* PBXTargetDependency */,
			);
			name = SymposiumTests;
			productName = SymposiumTests;
			productReference = 3F8F304B204701B5000E250D /* SymposiumTests.xctest */;
			productType = "com.apple.product-type.bundle.unit-test";
		};
		3F8F3055204701B6000E250D /* SymposiumUITests */ = {
			isa = PBXNativeTarget;
			buildConfigurationList = 3F8F3065204701B6000E250D /* Build configuration list for PBXNativeTarget "SymposiumUITests" */;
			buildPhases = (
				3F8F3052204701B6000E250D /* Sources */,
				3F8F3053204701B6000E250D /* Frameworks */,
				3F8F3054204701B6000E250D /* Resources */,
			);
			buildRules = (
			);
			dependencies = (
				3F8F3058204701B6000E250D /* PBXTargetDependency */,
			);
			name = SymposiumUITests;
			productName = SymposiumUITests;
			productReference = 3F8F3056204701B6000E250D /* SymposiumUITests.xctest */;
			productType = "com.apple.product-type.bundle.ui-testing";
		};
/* End PBXNativeTarget section */

/* Begin PBXProject section */
		3F8F302F204701B4000E250D /* Project object */ = {
			isa = PBXProject;
			attributes = {
				LastSwiftUpdateCheck = 0920;
				LastUpgradeCheck = 0920;
				ORGANIZATIONNAME = Student;
				TargetAttributes = {
					3F8F3036204701B4000E250D = {
						CreatedOnToolsVersion = 9.2;
						ProvisioningStyle = Automatic;
					};
					3F8F304A204701B5000E250D = {
						CreatedOnToolsVersion = 9.2;
						ProvisioningStyle = Automatic;
						TestTargetID = 3F8F3036204701B4000E250D;
					};
					3F8F3055204701B6000E250D = {
						CreatedOnToolsVersion = 9.2;
						ProvisioningStyle = Automatic;
						TestTargetID = 3F8F3036204701B4000E250D;
					};
				};
			};
			buildConfigurationList = 3F8F3032204701B4000E250D /* Build configuration list for PBXProject "Symposium" */;
			compatibilityVersion = "Xcode 8.0";
			developmentRegion = en;
			hasScannedForEncodings = 0;
			knownRegions = (
				en,
				Base,
			);
			mainGroup = 3F8F302E204701B4000E250D;
			productRefGroup = 3F8F3038204701B5000E250D /* Products */;
			projectDirPath = "";
			projectRoot = "";
			targets = (
				3F8F3036204701B4000E250D /* Symposium */,
				3F8F304A204701B5000E250D /* SymposiumTests */,
				3F8F3055204701B6000E250D /* SymposiumUITests */,
			);
		};
/* End PBXProject section */

/* Begin PBXResourcesBuildPhase section */
		3F8F3035204701B4000E250D /* Resources */ = {
			isa = PBXResourcesBuildPhase;
			buildActionMask = 2147483647;
			files = (
				3F8F3045204701B5000E250D /* LaunchScreen.storyboard in Resources */,
				3F8F3042204701B5000E250D /* Assets.xcassets in Resources */,
				3F8F3040204701B5000E250D /* Main.storyboard in Resources */,
			);
			runOnlyForDeploymentPostprocessing = 0;
		};
		3F8F3049204701B5000E250D /* Resources */ = {
			isa = PBXResourcesBuildPhase;
			buildActionMask = 2147483647;
			files = (
			);
			runOnlyForDeploymentPostprocessing = 0;
		};
		3F8F3054204701B6000E250D /* Resources */ = {
			isa = PBXResourcesBuildPhase;
			buildActionMask = 2147483647;
			files = (
			);
			runOnlyForDeploymentPostprocessing = 0;
		};
/* End PBXResourcesBuildPhase section */

/* Begin PBXSourcesBuildPhase section */
		3F8F3033204701B4000E250D /* Sources */ = {
			isa = PBXSourcesBuildPhase;
			buildActionMask = 2147483647;
			files = (
				3F8F303D204701B5000E250D /* ViewController.swift in Sources */,
				3F8F303B204701B5000E250D /* AppDelegate.swift in Sources */,
			);
			runOnlyForDeploymentPostprocessing = 0;
		};
		3F8F3047204701B5000E250D /* Sources */ = {
			isa = PBXSourcesBuildPhase;
			buildActionMask = 2147483647;
			files = (
				3F8F3050204701B5000E250D /* SymposiumTests.swift in Sources */,
			);
			runOnlyForDeploymentPostprocessing = 0;
		};
		3F8F3052204701B6000E250D /* Sources */ = {
			isa = PBXSourcesBuildPhase;
			buildActionMask = 2147483647;
			files = (
				3F8F305B204701B6000E250D /* SymposiumUITests.swift in Sources */,
			);
			runOnlyForDeploymentPostprocessing = 0;
		};
/* End PBXSourcesBuildPhase section */

/* Begin PBXTargetDependency section */
		3F8F304D204701B5000E250D /* PBXTargetDependency */ = {
			isa = PBXTargetDependency;
			target = 3F8F3036204701B4000E250D /* Symposium */;
			targetProxy = 3F8F304C204701B5000E250D /* PBXContainerItemProxy */;
		};
		3F8F3058204701B6000E250D /* PBXTargetDependency */ = {
			isa = PBXTargetDependency;
			target = 3F8F3036204701B4000E250D /* Symposium */;
			targetProxy = 3F8F3057204701B6000E250D /* PBXContainerItemProxy */;
		};
/* End PBXTargetDependency section */

/* Begin PBXVariantGroup section */
		3F8F303E204701B5000E250D /* Main.storyboard */ = {
			isa = PBXVariantGroup;
			children = (
				3F8F303F204701B5000E250D /* Base */,
			);
			name = Main.storyboard;
			sourceTree = "<group>";
		};
		3F8F3043204701B5000E250D /* LaunchScreen.storyboard */ = {
			isa = PBXVariantGroup;
			children = (
				3F8F3044204701B5000E250D /* Base */,
			);
			name = LaunchScreen.storyboard;
			sourceTree = "<group>";
		};
/* End PBXVariantGroup section */

/* Begin XCBuildConfiguration section */
		3F8F305D204701B6000E250D /* Debug */ = {
			isa = XCBuildConfiguration;
			buildSettings = {
				ALWAYS_SEARCH_USER_PATHS = NO;
				CLANG_ANALYZER_NONNULL = YES;
				CLANG_ANALYZER_NUMBER_OBJECT_CONVERSION = YES_AGGRESSIVE;
				CLANG_CXX_LANGUAGE_STANDARD = "gnu++14";
				CLANG_CXX_LIBRARY = "libc++";
				CLANG_ENABLE_MODULES = YES;
				CLANG_ENABLE_OBJC_ARC = YES;
				CLANG_WARN_BLOCK_CAPTURE_AUTORELEASING = YES;
				CLANG_WARN_BOOL_CONVERSION = YES;
				CLANG_WARN_COMMA = YES;
				CLANG_WARN_CONSTANT_CONVERSION = YES;
				CLANG_WARN_DIRECT_OBJC_ISA_USAGE = YES_ERROR;
				CLANG_WARN_DOCUMENTATION_COMMENTS = YES;
				CLANG_WARN_EMPTY_BODY = YES;
				CLANG_WARN_ENUM_CONVERSION = YES;
				CLANG_WARN_INFINITE_RECURSION = YES;
				CLANG_WARN_INT_CONVERSION = YES;
				CLANG_WARN_NON_LITERAL_NULL_CONVERSION = YES;
				CLANG_WARN_OBJC_LITERAL_CONVERSION = YES;
				CLANG_WARN_OBJC_ROOT_CLASS = YES_ERROR;
				CLANG_WARN_RANGE_LOOP_ANALYSIS = YES;
				CLANG_WARN_STRICT_PROTOTYPES = YES;
				CLANG_WARN_SUSPICIOUS_MOVE = YES;
				CLANG_WARN_UNGUARDED_AVAILABILITY = YES_AGGRESSIVE;
				CLANG_WARN_UNREACHABLE_CODE = YES;
				CLANG_WARN__DUPLICATE_METHOD_MATCH = YES;
				CODE_SIGN_IDENTITY = "iPhone Developer";
				COPY_PHASE_STRIP = NO;
				DEBUG_INFORMATION_FORMAT = dwarf;
				ENABLE_STRICT_OBJC_MSGSEND = YES;
				ENABLE_TESTABILITY = YES;
				GCC_C_LANGUAGE_STANDARD = gnu11;
				GCC_DYNAMIC_NO_PIC = NO;
				GCC_NO_COMMON_BLOCKS = YES;
				GCC_OPTIMIZATION_LEVEL = 0;
				GCC_PREPROCESSOR_DEFINITIONS = (
					"DEBUG=1",
					"$(inherited)",
				);
				GCC_WARN_64_TO_32_BIT_CONVERSION = YES;
				GCC_WARN_ABOUT_RETURN_TYPE = YES_ERROR;
				GCC_WARN_UNDECLARED_SELECTOR = YES;
				GCC_WARN_UNINITIALIZED_AUTOS = YES_AGGRESSIVE;
				GCC_WARN_UNUSED_FUNCTION = YES;
				GCC_WARN_UNUSED_VARIABLE = YES;
				IPHONEOS_DEPLOYMENT_TARGET = 11.2;
				MTL_ENABLE_DEBUG_INFO = YES;
				ONLY_ACTIVE_ARCH = YES;
				SDKROOT = iphoneos;
				SWIFT_ACTIVE_COMPILATION_CONDITIONS = DEBUG;
				SWIFT_OPTIMIZATION_LEVEL = "-Onone";
			};
			name = Debug;
		};
		3F8F305E204701B6000E250D /* Release */ = {
			isa = XCBuildConfiguration;
			buildSettings = {
				ALWAYS_SEARCH_USER_PATHS = NO;
				CLANG_ANALYZER_NONNULL = YES;
				CLANG_ANALYZER_NUMBER_OBJECT_CONVERSION = YES_AGGRESSIVE;
				CLANG_CXX_LANGUAGE_STANDARD = "gnu++14";
				CLANG_CXX_LIBRARY = "libc++";
				CLANG_ENABLE_MODULES = YES;
				CLANG_ENABLE_OBJC_ARC = YES;
				CLANG_WARN_BLOCK_CAPTURE_AUTORELEASING = YES;
				CLANG_WARN_BOOL_CONVERSION = YES;
				CLANG_WARN_COMMA = YES;
				CLANG_WARN_CONSTANT_CONVERSION = YES;
				CLANG_WARN_DIRECT_OBJC_ISA_USAGE = YES_ERROR;
				CLANG_WARN_DOCUMENTATION_COMMENTS = YES;
				CLANG_WARN_EMPTY_BODY = YES;
				CLANG_WARN_ENUM_CONVERSION = YES;
				CLANG_WARN_INFINITE_RECURSION = YES;
				CLANG_WARN_INT_CONVERSION = YES;
				CLANG_WARN_NON_LITERAL_NULL_CONVERSION = YES;
				CLANG_WARN_OBJC_LITERAL_CONVERSION = YES;
				CLANG_WARN_OBJC_ROOT_CLASS = YES_ERROR;
				CLANG_WARN_RANGE_LOOP_ANALYSIS = YES;
				CLANG_WARN_STRICT_PROTOTYPES = YES;
				CLANG_WARN_SUSPICIOUS_MOVE = YES;
				CLANG_WARN_UNGUARDED_AVAILABILITY = YES_AGGRESSIVE;
				CLANG_WARN_UNREACHABLE_CODE = YES;
				CLANG_WARN__DUPLICATE_METHOD_MATCH = YES;
				CODE_SIGN_IDENTITY = "iPhone Developer";
				COPY_PHASE_STRIP = NO;
				DEBUG_INFORMATION_FORMAT = "dwarf-with-dsym";
				ENABLE_NS_ASSERTIONS = NO;
				ENABLE_STRICT_OBJC_MSGSEND = YES;
				GCC_C_LANGUAGE_STANDARD = gnu11;
				GCC_NO_COMMON_BLOCKS = YES;
				GCC_WARN_64_TO_32_BIT_CONVERSION = YES;
				GCC_WARN_ABOUT_RETURN_TYPE = YES_ERROR;
				GCC_WARN_UNDECLARED_SELECTOR = YES;
				GCC_WARN_UNINITIALIZED_AUTOS = YES_AGGRESSIVE;
				GCC_WARN_UNUSED_FUNCTION = YES;
				GCC_WARN_UNUSED_VARIABLE = YES;
				IPHONEOS_DEPLOYMENT_TARGET = 11.2;
				MTL_ENABLE_DEBUG_INFO = NO;
				SDKROOT = iphoneos;
				SWIFT_OPTIMIZATION_LEVEL = "-Owholemodule";
				VALIDATE_PRODUCT = YES;
			};
			name = Release;
		};
		3F8F3060204701B6000E250D /* Debug */ = {
			isa = XCBuildConfiguration;
			buildSettings = {
				ASSETCATALOG_COMPILER_APPICON_NAME = AppIcon;
				CODE_SIGN_STYLE = Automatic;
				INFOPLIST_FILE = Symposium/Info.plist;
				LD_RUNPATH_SEARCH_PATHS = "$(inherited) @executable_path/Frameworks";
				PRODUCT_BUNDLE_IDENTIFIER = edu.bths.Symposium;
				PRODUCT_NAME = "$(TARGET_NAME)";
				SWIFT_VERSION = 4.0;
				TARGETED_DEVICE_FAMILY = "1,2";
			};
			name = Debug;
		};
		3F8F3061204701B6000E250D /* Release */ = {
			isa = XCBuildConfiguration;
			buildSettings = {
				ASSETCATALOG_COMPILER_APPICON_NAME = AppIcon;
				CODE_SIGN_STYLE = Automatic;
				INFOPLIST_FILE = Symposium/Info.plist;
				LD_RUNPATH_SEARCH_PATHS = "$(inherited) @executable_path/Frameworks";
				PRODUCT_BUNDLE_IDENTIFIER = edu.bths.Symposium;
				PRODUCT_NAME = "$(TARGET_NAME)";
				SWIFT_VERSION = 4.0;
				TARGETED_DEVICE_FAMILY = "1,2";
			};
			name = Release;
		};
		3F8F3063204701B6000E250D /* Debug */ = {
			isa = XCBuildConfiguration;
			buildSettings = {
				ALWAYS_EMBED_SWIFT_STANDARD_LIBRARIES = YES;
				BUNDLE_LOADER = "$(TEST_HOST)";
				CODE_SIGN_STYLE = Automatic;
				INFOPLIST_FILE = SymposiumTests/Info.plist;
				LD_RUNPATH_SEARCH_PATHS = "$(inherited) @executable_path/Frameworks @loader_path/Frameworks";
				PRODUCT_BUNDLE_IDENTIFIER = edu.bths.SymposiumTests;
				PRODUCT_NAME = "$(TARGET_NAME)";
				SWIFT_VERSION = 4.0;
				TARGETED_DEVICE_FAMILY = "1,2";
				TEST_HOST = "$(BUILT_PRODUCTS_DIR)/Symposium.app/Symposium";
			};
			name = Debug;
		};
		3F8F3064204701B6000E250D /* Release */ = {
			isa = XCBuildConfiguration;
			buildSettings = {
				ALWAYS_EMBED_SWIFT_STANDARD_LIBRARIES = YES;
				BUNDLE_LOADER = "$(TEST_HOST)";
				CODE_SIGN_STYLE = Automatic;
				INFOPLIST_FILE = SymposiumTests/Info.plist;
				LD_RUNPATH_SEARCH_PATHS = "$(inherited) @executable_path/Frameworks @loader_path/Frameworks";
				PRODUCT_BUNDLE_IDENTIFIER = edu.bths.SymposiumTests;
				PRODUCT_NAME = "$(TARGET_NAME)";
				SWIFT_VERSION = 4.0;
				TARGETED_DEVICE_FAMILY = "1,2";
				TEST_HOST = "$(BUILT_PRODUCTS_DIR)/Symposium.app/Symposium";
			};
			name = Release;
		};
		3F8F3066204701B6000E250D /* Debug */ = {
			isa = XCBuildConfiguration;
			buildSettings = {
				ALWAYS_EMBED_SWIFT_STANDARD_LIBRARIES = YES;
				CODE_SIGN_STYLE = Automatic;
				INFOPLIST_FILE = SymposiumUITests/Info.plist;
				LD_RUNPATH_SEARCH_PATHS = "$(inherited) @executable_path/Frameworks @loader_path/Frameworks";
				PRODUCT_BUNDLE_IDENTIFIER = edu.bths.SymposiumUITests;
				PRODUCT_NAME = "$(TARGET_NAME)";
				SWIFT_VERSION = 4.0;
				TARGETED_DEVICE_FAMILY = "1,2";
				TEST_TARGET_NAME = Symposium;
			};
			name = Debug;
		};
		3F8F3067204701B6000E250D /* Release */ = {
			isa = XCBuildConfiguration;
			buildSettings = {
				ALWAYS_EMBED_SWIFT_STANDARD_LIBRARIES = YES;
				CODE_SIGN_STYLE = Automatic;
				INFOPLIST_FILE = SymposiumUITests/Info.plist;
				LD_RUNPATH_SEARCH_PATHS = "$(inherited) @executable_path/Frameworks @loader_path/Frameworks";
				PRODUCT_BUNDLE_IDENTIFIER = edu.bths.SymposiumUITests;
				PRODUCT_NAME = "$(TARGET_NAME)";
				SWIFT_VERSION = 4.0;
				TARGETED_DEVICE_FAMILY = "1,2";
				TEST_TARGET_NAME = Symposium;
			};
			name = Release;
		};
/* End XCBuildConfiguration section */

/* Begin XCConfigurationList section */
		3F8F3032204701B4000E250D /* Build configuration list for PBXProject "Symposium" */ = {
			isa = XCConfigurationList;
			buildConfigurations = (
				3F8F305D204701B6000E250D /* Debug */,
				3F8F305E204701B6000E250D /* Release */,
			);
			defaultConfigurationIsVisible = 0;
			defaultConfigurationName = Release;
		};
		3F8F305F204701B6000E250D /* Build configuration list for PBXNativeTarget "Symposium" */ = {
			isa = XCConfigurationList;
			buildConfigurations = (
				3F8F3060204701B6000E250D /* Debug */,
				3F8F3061204701B6000E250D /* Release */,
			);
			defaultConfigurationIsVisible = 0;
			defaultConfigurationName = Release;
		};
		3F8F3062204701B6000E250D /* Build configuration list for PBXNativeTarget "SymposiumTests" */ = {
			isa = XCConfigurationList;
			buildConfigurations = (
				3F8F3063204701B6000E250D /* Debug */,
				3F8F3064204701B6000E250D /* Release */,
			);
			defaultConfigurationIsVisible = 0;
			defaultConfigurationName = Release;
		};
		3F8F3065204701B6000E250D /* Build configuration list for PBXNativeTarget "SymposiumUITests" */ = {
			isa = XCConfigurationList;
			buildConfigurations = (
				3F8F3066204701B6000E250D /* Debug */,
				3F8F3067204701B6000E250D /* Release */,
			);
			defaultConfigurationIsVisible = 0;
			defaultConfigurationName = Release;
		};
/* End XCConfigurationList section */
	};
	rootObject = 3F8F302F204701B4000E250D /* Project object */;
}
