// !$*UTF8*$!
{
	archiveVersion = 1;
	classes = {
	};
	objectVersion = 48;
	objects = {

/* Begin PBXBuildFile section */
		3FADA71820505221007AC45D /* AppDelegate.swift in Sources */ = {isa = PBXBuildFile; fileRef = 3FADA71720505221007AC45D /* AppDelegate.swift */; };
		3FADA71A20505221007AC45D /* ViewController.swift in Sources */ = {isa = PBXBuildFile; fileRef = 3FADA71920505221007AC45D /* ViewController.swift */; };
		3FADA71D20505221007AC45D /* Main.storyboard in Resources */ = {isa = PBXBuildFile; fileRef = 3FADA71B20505221007AC45D /* Main.storyboard */; };
		3FADA71F20505221007AC45D /* Assets.xcassets in Resources */ = {isa = PBXBuildFile; fileRef = 3FADA71E20505221007AC45D /* Assets.xcassets */; };
		3FADA72220505221007AC45D /* LaunchScreen.storyboard in Resources */ = {isa = PBXBuildFile; fileRef = 3FADA72020505221007AC45D /* LaunchScreen.storyboard */; };
		3FADA72D20505221007AC45D /* SocialGoodTests.swift in Sources */ = {isa = PBXBuildFile; fileRef = 3FADA72C20505221007AC45D /* SocialGoodTests.swift */; };
		3FADA73820505221007AC45D /* SocialGoodUITests.swift in Sources */ = {isa = PBXBuildFile; fileRef = 3FADA73720505221007AC45D /* SocialGoodUITests.swift */; };
/* End PBXBuildFile section */

/* Begin PBXContainerItemProxy section */
		3FADA72920505221007AC45D /* PBXContainerItemProxy */ = {
			isa = PBXContainerItemProxy;
			containerPortal = 3FADA70C20505221007AC45D /* Project object */;
			proxyType = 1;
			remoteGlobalIDString = 3FADA71320505221007AC45D;
			remoteInfo = SocialGood;
		};
		3FADA73420505221007AC45D /* PBXContainerItemProxy */ = {
			isa = PBXContainerItemProxy;
			containerPortal = 3FADA70C20505221007AC45D /* Project object */;
			proxyType = 1;
			remoteGlobalIDString = 3FADA71320505221007AC45D;
			remoteInfo = SocialGood;
		};
/* End PBXContainerItemProxy section */

/* Begin PBXFileReference section */
		3FADA71420505221007AC45D /* SocialGood.app */ = {isa = PBXFileReference; explicitFileType = wrapper.application; includeInIndex = 0; path = SocialGood.app; sourceTree = BUILT_PRODUCTS_DIR; };
		3FADA71720505221007AC45D /* AppDelegate.swift */ = {isa = PBXFileReference; lastKnownFileType = sourcecode.swift; path = AppDelegate.swift; sourceTree = "<group>"; };
		3FADA71920505221007AC45D /* ViewController.swift */ = {isa = PBXFileReference; lastKnownFileType = sourcecode.swift; path = ViewController.swift; sourceTree = "<group>"; };
		3FADA71C20505221007AC45D /* Base */ = {isa = PBXFileReference; lastKnownFileType = file.storyboard; name = Base; path = Base.lproj/Main.storyboard; sourceTree = "<group>"; };
		3FADA71E20505221007AC45D /* Assets.xcassets */ = {isa = PBXFileReference; lastKnownFileType = folder.assetcatalog; path = Assets.xcassets; sourceTree = "<group>"; };
		3FADA72120505221007AC45D /* Base */ = {isa = PBXFileReference; lastKnownFileType = file.storyboard; name = Base; path = Base.lproj/LaunchScreen.storyboard; sourceTree = "<group>"; };
		3FADA72320505221007AC45D /* Info.plist */ = {isa = PBXFileReference; lastKnownFileType = text.plist.xml; path = Info.plist; sourceTree = "<group>"; };
		3FADA72820505221007AC45D /* SocialGoodTests.xctest */ = {isa = PBXFileReference; explicitFileType = wrapper.cfbundle; includeInIndex = 0; path = SocialGoodTests.xctest; sourceTree = BUILT_PRODUCTS_DIR; };
		3FADA72C20505221007AC45D /* SocialGoodTests.swift */ = {isa = PBXFileReference; lastKnownFileType = sourcecode.swift; path = SocialGoodTests.swift; sourceTree = "<group>"; };
		3FADA72E20505221007AC45D /* Info.plist */ = {isa = PBXFileReference; lastKnownFileType = text.plist.xml; path = Info.plist; sourceTree = "<group>"; };
		3FADA73320505221007AC45D /* SocialGoodUITests.xctest */ = {isa = PBXFileReference; explicitFileType = wrapper.cfbundle; includeInIndex = 0; path = SocialGoodUITests.xctest; sourceTree = BUILT_PRODUCTS_DIR; };
		3FADA73720505221007AC45D /* SocialGoodUITests.swift */ = {isa = PBXFileReference; lastKnownFileType = sourcecode.swift; path = SocialGoodUITests.swift; sourceTree = "<group>"; };
		3FADA73920505221007AC45D /* Info.plist */ = {isa = PBXFileReference; lastKnownFileType = text.plist.xml; path = Info.plist; sourceTree = "<group>"; };
/* End PBXFileReference section */

/* Begin PBXFrameworksBuildPhase section */
		3FADA71120505221007AC45D /* Frameworks */ = {
			isa = PBXFrameworksBuildPhase;
			buildActionMask = 2147483647;
			files = (
			);
			runOnlyForDeploymentPostprocessing = 0;
		};
		3FADA72520505221007AC45D /* Frameworks */ = {
			isa = PBXFrameworksBuildPhase;
			buildActionMask = 2147483647;
			files = (
			);
			runOnlyForDeploymentPostprocessing = 0;
		};
		3FADA73020505221007AC45D /* Frameworks */ = {
			isa = PBXFrameworksBuildPhase;
			buildActionMask = 2147483647;
			files = (
			);
			runOnlyForDeploymentPostprocessing = 0;
		};
/* End PBXFrameworksBuildPhase section */

/* Begin PBXGroup section */
		3FADA70B20505221007AC45D = {
			isa = PBXGroup;
			children = (
				3FADA71620505221007AC45D /* SocialGood */,
				3FADA72B20505221007AC45D /* SocialGoodTests */,
				3FADA73620505221007AC45D /* SocialGoodUITests */,
				3FADA71520505221007AC45D /* Products */,
			);
			sourceTree = "<group>";
		};
		3FADA71520505221007AC45D /* Products */ = {
			isa = PBXGroup;
			children = (
				3FADA71420505221007AC45D /* SocialGood.app */,
				3FADA72820505221007AC45D /* SocialGoodTests.xctest */,
				3FADA73320505221007AC45D /* SocialGoodUITests.xctest */,
			);
			name = Products;
			sourceTree = "<group>";
		};
		3FADA71620505221007AC45D /* SocialGood */ = {
			isa = PBXGroup;
			children = (
				3FADA71720505221007AC45D /* AppDelegate.swift */,
				3FADA71920505221007AC45D /* ViewController.swift */,
				3FADA71B20505221007AC45D /* Main.storyboard */,
				3FADA71E20505221007AC45D /* Assets.xcassets */,
				3FADA72020505221007AC45D /* LaunchScreen.storyboard */,
				3FADA72320505221007AC45D /* Info.plist */,
			);
			path = SocialGood;
			sourceTree = "<group>";
		};
		3FADA72B20505221007AC45D /* SocialGoodTests */ = {
			isa = PBXGroup;
			children = (
				3FADA72C20505221007AC45D /* SocialGoodTests.swift */,
				3FADA72E20505221007AC45D /* Info.plist */,
			);
			path = SocialGoodTests;
			sourceTree = "<group>";
		};
		3FADA73620505221007AC45D /* SocialGoodUITests */ = {
			isa = PBXGroup;
			children = (
				3FADA73720505221007AC45D /* SocialGoodUITests.swift */,
				3FADA73920505221007AC45D /* Info.plist */,
			);
			path = SocialGoodUITests;
			sourceTree = "<group>";
		};
/* End PBXGroup section */

/* Begin PBXNativeTarget section */
		3FADA71320505221007AC45D /* SocialGood */ = {
			isa = PBXNativeTarget;
			buildConfigurationList = 3FADA73C20505221007AC45D /* Build configuration list for PBXNativeTarget "SocialGood" */;
			buildPhases = (
				3FADA71020505221007AC45D /* Sources */,
				3FADA71120505221007AC45D /* Frameworks */,
				3FADA71220505221007AC45D /* Resources */,
			);
			buildRules = (
			);
			dependencies = (
			);
			name = SocialGood;
			productName = SocialGood;
			productReference = 3FADA71420505221007AC45D /* SocialGood.app */;
			productType = "com.apple.product-type.application";
		};
		3FADA72720505221007AC45D /* SocialGoodTests */ = {
			isa = PBXNativeTarget;
			buildConfigurationList = 3FADA73F20505221007AC45D /* Build configuration list for PBXNativeTarget "SocialGoodTests" */;
			buildPhases = (
				3FADA72420505221007AC45D /* Sources */,
				3FADA72520505221007AC45D /* Frameworks */,
				3FADA72620505221007AC45D /* Resources */,
			);
			buildRules = (
			);
			dependencies = (
				3FADA72A20505221007AC45D /* PBXTargetDependency */,
			);
			name = SocialGoodTests;
			productName = SocialGoodTests;
			productReference = 3FADA72820505221007AC45D /* SocialGoodTests.xctest */;
			productType = "com.apple.product-type.bundle.unit-test";
		};
		3FADA73220505221007AC45D /* SocialGoodUITests */ = {
			isa = PBXNativeTarget;
			buildConfigurationList = 3FADA74220505221007AC45D /* Build configuration list for PBXNativeTarget "SocialGoodUITests" */;
			buildPhases = (
				3FADA72F20505221007AC45D /* Sources */,
				3FADA73020505221007AC45D /* Frameworks */,
				3FADA73120505221007AC45D /* Resources */,
			);
			buildRules = (
			);
			dependencies = (
				3FADA73520505221007AC45D /* PBXTargetDependency */,
			);
			name = SocialGoodUITests;
			productName = SocialGoodUITests;
			productReference = 3FADA73320505221007AC45D /* SocialGoodUITests.xctest */;
			productType = "com.apple.product-type.bundle.ui-testing";
		};
/* End PBXNativeTarget section */

/* Begin PBXProject section */
		3FADA70C20505221007AC45D /* Project object */ = {
			isa = PBXProject;
			attributes = {
				LastSwiftUpdateCheck = 0920;
				LastUpgradeCheck = 0920;
				ORGANIZATIONNAME = Student;
				TargetAttributes = {
					3FADA71320505221007AC45D = {
						CreatedOnToolsVersion = 9.2;
						ProvisioningStyle = Automatic;
					};
					3FADA72720505221007AC45D = {
						CreatedOnToolsVersion = 9.2;
						ProvisioningStyle = Automatic;
						TestTargetID = 3FADA71320505221007AC45D;
					};
					3FADA73220505221007AC45D = {
						CreatedOnToolsVersion = 9.2;
						ProvisioningStyle = Automatic;
						TestTargetID = 3FADA71320505221007AC45D;
					};
				};
			};
			buildConfigurationList = 3FADA70F20505221007AC45D /* Build configuration list for PBXProject "SocialGood" */;
			compatibilityVersion = "Xcode 8.0";
			developmentRegion = en;
			hasScannedForEncodings = 0;
			knownRegions = (
				en,
				Base,
			);
			mainGroup = 3FADA70B20505221007AC45D;
			productRefGroup = 3FADA71520505221007AC45D /* Products */;
			projectDirPath = "";
			projectRoot = "";
			targets = (
				3FADA71320505221007AC45D /* SocialGood */,
				3FADA72720505221007AC45D /* SocialGoodTests */,
				3FADA73220505221007AC45D /* SocialGoodUITests */,
			);
		};
/* End PBXProject section */

/* Begin PBXResourcesBuildPhase section */
		3FADA71220505221007AC45D /* Resources */ = {
			isa = PBXResourcesBuildPhase;
			buildActionMask = 2147483647;
			files = (
				3FADA72220505221007AC45D /* LaunchScreen.storyboard in Resources */,
				3FADA71F20505221007AC45D /* Assets.xcassets in Resources */,
				3FADA71D20505221007AC45D /* Main.storyboard in Resources */,
			);
			runOnlyForDeploymentPostprocessing = 0;
		};
		3FADA72620505221007AC45D /* Resources */ = {
			isa = PBXResourcesBuildPhase;
			buildActionMask = 2147483647;
			files = (
			);
			runOnlyForDeploymentPostprocessing = 0;
		};
		3FADA73120505221007AC45D /* Resources */ = {
			isa = PBXResourcesBuildPhase;
			buildActionMask = 2147483647;
			files = (
			);
			runOnlyForDeploymentPostprocessing = 0;
		};
/* End PBXResourcesBuildPhase section */

/* Begin PBXSourcesBuildPhase section */
		3FADA71020505221007AC45D /* Sources */ = {
			isa = PBXSourcesBuildPhase;
			buildActionMask = 2147483647;
			files = (
				3FADA71A20505221007AC45D /* ViewController.swift in Sources */,
				3FADA71820505221007AC45D /* AppDelegate.swift in Sources */,
			);
			runOnlyForDeploymentPostprocessing = 0;
		};
		3FADA72420505221007AC45D /* Sources */ = {
			isa = PBXSourcesBuildPhase;
			buildActionMask = 2147483647;
			files = (
				3FADA72D20505221007AC45D /* SocialGoodTests.swift in Sources */,
			);
			runOnlyForDeploymentPostprocessing = 0;
		};
		3FADA72F20505221007AC45D /* Sources */ = {
			isa = PBXSourcesBuildPhase;
			buildActionMask = 2147483647;
			files = (
				3FADA73820505221007AC45D /* SocialGoodUITests.swift in Sources */,
			);
			runOnlyForDeploymentPostprocessing = 0;
		};
/* End PBXSourcesBuildPhase section */

/* Begin PBXTargetDependency section */
		3FADA72A20505221007AC45D /* PBXTargetDependency */ = {
			isa = PBXTargetDependency;
			target = 3FADA71320505221007AC45D /* SocialGood */;
			targetProxy = 3FADA72920505221007AC45D /* PBXContainerItemProxy */;
		};
		3FADA73520505221007AC45D /* PBXTargetDependency */ = {
			isa = PBXTargetDependency;
			target = 3FADA71320505221007AC45D /* SocialGood */;
			targetProxy = 3FADA73420505221007AC45D /* PBXContainerItemProxy */;
		};
/* End PBXTargetDependency section */

/* Begin PBXVariantGroup section */
		3FADA71B20505221007AC45D /* Main.storyboard */ = {
			isa = PBXVariantGroup;
			children = (
				3FADA71C20505221007AC45D /* Base */,
			);
			name = Main.storyboard;
			sourceTree = "<group>";
		};
		3FADA72020505221007AC45D /* LaunchScreen.storyboard */ = {
			isa = PBXVariantGroup;
			children = (
				3FADA72120505221007AC45D /* Base */,
			);
			name = LaunchScreen.storyboard;
			sourceTree = "<group>";
		};
/* End PBXVariantGroup section */

/* Begin XCBuildConfiguration section */
		3FADA73A20505221007AC45D /* Debug */ = {
			isa = XCBuildConfiguration;
			buildSettings = {
				ALWAYS_SEARCH_USER_PATHS = NO;
				CLANG_ANALYZER_NONNULL = YES;
				CLANG_ANALYZER_NUMBER_OBJECT_CONVERSION = YES_AGGRESSIVE;
				CLANG_CXX_LANGUAGE_STANDARD = "gnu++14";
				CLANG_CXX_LIBRARY = "libc++";
				CLANG_ENABLE_MODULES = YES;
				CLANG_ENABLE_OBJC_ARC = YES;
				CLANG_WARN_BLOCK_CAPTURE_AUTORELEASING = YES;
				CLANG_WARN_BOOL_CONVERSION = YES;
				CLANG_WARN_COMMA = YES;
				CLANG_WARN_CONSTANT_CONVERSION = YES;
				CLANG_WARN_DIRECT_OBJC_ISA_USAGE = YES_ERROR;
				CLANG_WARN_DOCUMENTATION_COMMENTS = YES;
				CLANG_WARN_EMPTY_BODY = YES;
				CLANG_WARN_ENUM_CONVERSION = YES;
				CLANG_WARN_INFINITE_RECURSION = YES;
				CLANG_WARN_INT_CONVERSION = YES;
				CLANG_WARN_NON_LITERAL_NULL_CONVERSION = YES;
				CLANG_WARN_OBJC_LITERAL_CONVERSION = YES;
				CLANG_WARN_OBJC_ROOT_CLASS = YES_ERROR;
				CLANG_WARN_RANGE_LOOP_ANALYSIS = YES;
				CLANG_WARN_STRICT_PROTOTYPES = YES;
				CLANG_WARN_SUSPICIOUS_MOVE = YES;
				CLANG_WARN_UNGUARDED_AVAILABILITY = YES_AGGRESSIVE;
				CLANG_WARN_UNREACHABLE_CODE = YES;
				CLANG_WARN__DUPLICATE_METHOD_MATCH = YES;
				CODE_SIGN_IDENTITY = "iPhone Developer";
				COPY_PHASE_STRIP = NO;
				DEBUG_INFORMATION_FORMAT = dwarf;
				ENABLE_STRICT_OBJC_MSGSEND = YES;
				ENABLE_TESTABILITY = YES;
				GCC_C_LANGUAGE_STANDARD = gnu11;
				GCC_DYNAMIC_NO_PIC = NO;
				GCC_NO_COMMON_BLOCKS = YES;
				GCC_OPTIMIZATION_LEVEL = 0;
				GCC_PREPROCESSOR_DEFINITIONS = (
					"DEBUG=1",
					"$(inherited)",
				);
				GCC_WARN_64_TO_32_BIT_CONVERSION = YES;
				GCC_WARN_ABOUT_RETURN_TYPE = YES_ERROR;
				GCC_WARN_UNDECLARED_SELECTOR = YES;
				GCC_WARN_UNINITIALIZED_AUTOS = YES_AGGRESSIVE;
				GCC_WARN_UNUSED_FUNCTION = YES;
				GCC_WARN_UNUSED_VARIABLE = YES;
				IPHONEOS_DEPLOYMENT_TARGET = 11.2;
				MTL_ENABLE_DEBUG_INFO = YES;
				ONLY_ACTIVE_ARCH = YES;
				SDKROOT = iphoneos;
				SWIFT_ACTIVE_COMPILATION_CONDITIONS = DEBUG;
				SWIFT_OPTIMIZATION_LEVEL = "-Onone";
			};
			name = Debug;
		};
		3FADA73B20505221007AC45D /* Release */ = {
			isa = XCBuildConfiguration;
			buildSettings = {
				ALWAYS_SEARCH_USER_PATHS = NO;
				CLANG_ANALYZER_NONNULL = YES;
				CLANG_ANALYZER_NUMBER_OBJECT_CONVERSION = YES_AGGRESSIVE;
				CLANG_CXX_LANGUAGE_STANDARD = "gnu++14";
				CLANG_CXX_LIBRARY = "libc++";
				CLANG_ENABLE_MODULES = YES;
				CLANG_ENABLE_OBJC_ARC = YES;
				CLANG_WARN_BLOCK_CAPTURE_AUTORELEASING = YES;
				CLANG_WARN_BOOL_CONVERSION = YES;
				CLANG_WARN_COMMA = YES;
				CLANG_WARN_CONSTANT_CONVERSION = YES;
				CLANG_WARN_DIRECT_OBJC_ISA_USAGE = YES_ERROR;
				CLANG_WARN_DOCUMENTATION_COMMENTS = YES;
				CLANG_WARN_EMPTY_BODY = YES;
				CLANG_WARN_ENUM_CONVERSION = YES;
				CLANG_WARN_INFINITE_RECURSION = YES;
				CLANG_WARN_INT_CONVERSION = YES;
				CLANG_WARN_NON_LITERAL_NULL_CONVERSION = YES;
				CLANG_WARN_OBJC_LITERAL_CONVERSION = YES;
				CLANG_WARN_OBJC_ROOT_CLASS = YES_ERROR;
				CLANG_WARN_RANGE_LOOP_ANALYSIS = YES;
				CLANG_WARN_STRICT_PROTOTYPES = YES;
				CLANG_WARN_SUSPICIOUS_MOVE = YES;
				CLANG_WARN_UNGUARDED_AVAILABILITY = YES_AGGRESSIVE;
				CLANG_WARN_UNREACHABLE_CODE = YES;
				CLANG_WARN__DUPLICATE_METHOD_MATCH = YES;
				CODE_SIGN_IDENTITY = "iPhone Developer";
				COPY_PHASE_STRIP = NO;
				DEBUG_INFORMATION_FORMAT = "dwarf-with-dsym";
				ENABLE_NS_ASSERTIONS = NO;
				ENABLE_STRICT_OBJC_MSGSEND = YES;
				GCC_C_LANGUAGE_STANDARD = gnu11;
				GCC_NO_COMMON_BLOCKS = YES;
				GCC_WARN_64_TO_32_BIT_CONVERSION = YES;
				GCC_WARN_ABOUT_RETURN_TYPE = YES_ERROR;
				GCC_WARN_UNDECLARED_SELECTOR = YES;
				GCC_WARN_UNINITIALIZED_AUTOS = YES_AGGRESSIVE;
				GCC_WARN_UNUSED_FUNCTION = YES;
				GCC_WARN_UNUSED_VARIABLE = YES;
				IPHONEOS_DEPLOYMENT_TARGET = 11.2;
				MTL_ENABLE_DEBUG_INFO = NO;
				SDKROOT = iphoneos;
				SWIFT_OPTIMIZATION_LEVEL = "-Owholemodule";
				VALIDATE_PRODUCT = YES;
			};
			name = Release;
		};
		3FADA73D20505221007AC45D /* Debug */ = {
			isa = XCBuildConfiguration;
			buildSettings = {
				ASSETCATALOG_COMPILER_APPICON_NAME = AppIcon;
				CODE_SIGN_STYLE = Automatic;
				INFOPLIST_FILE = SocialGood/Info.plist;
				LD_RUNPATH_SEARCH_PATHS = "$(inherited) @executable_path/Frameworks";
				PRODUCT_BUNDLE_IDENTIFIER = edu.bths.SocialGood;
				PRODUCT_NAME = "$(TARGET_NAME)";
				SWIFT_VERSION = 4.0;
				TARGETED_DEVICE_FAMILY = "1,2";
			};
			name = Debug;
		};
		3FADA73E20505221007AC45D /* Release */ = {
			isa = XCBuildConfiguration;
			buildSettings = {
				ASSETCATALOG_COMPILER_APPICON_NAME = AppIcon;
				CODE_SIGN_STYLE = Automatic;
				INFOPLIST_FILE = SocialGood/Info.plist;
				LD_RUNPATH_SEARCH_PATHS = "$(inherited) @executable_path/Frameworks";
				PRODUCT_BUNDLE_IDENTIFIER = edu.bths.SocialGood;
				PRODUCT_NAME = "$(TARGET_NAME)";
				SWIFT_VERSION = 4.0;
				TARGETED_DEVICE_FAMILY = "1,2";
			};
			name = Release;
		};
		3FADA74020505221007AC45D /* Debug */ = {
			isa = XCBuildConfiguration;
			buildSettings = {
				ALWAYS_EMBED_SWIFT_STANDARD_LIBRARIES = YES;
				BUNDLE_LOADER = "$(TEST_HOST)";
				CODE_SIGN_STYLE = Automatic;
				INFOPLIST_FILE = SocialGoodTests/Info.plist;
				LD_RUNPATH_SEARCH_PATHS = "$(inherited) @executable_path/Frameworks @loader_path/Frameworks";
				PRODUCT_BUNDLE_IDENTIFIER = edu.bths.SocialGoodTests;
				PRODUCT_NAME = "$(TARGET_NAME)";
				SWIFT_VERSION = 4.0;
				TARGETED_DEVICE_FAMILY = "1,2";
				TEST_HOST = "$(BUILT_PRODUCTS_DIR)/SocialGood.app/SocialGood";
			};
			name = Debug;
		};
		3FADA74120505221007AC45D /* Release */ = {
			isa = XCBuildConfiguration;
			buildSettings = {
				ALWAYS_EMBED_SWIFT_STANDARD_LIBRARIES = YES;
				BUNDLE_LOADER = "$(TEST_HOST)";
				CODE_SIGN_STYLE = Automatic;
				INFOPLIST_FILE = SocialGoodTests/Info.plist;
				LD_RUNPATH_SEARCH_PATHS = "$(inherited) @executable_path/Frameworks @loader_path/Frameworks";
				PRODUCT_BUNDLE_IDENTIFIER = edu.bths.SocialGoodTests;
				PRODUCT_NAME = "$(TARGET_NAME)";
				SWIFT_VERSION = 4.0;
				TARGETED_DEVICE_FAMILY = "1,2";
				TEST_HOST = "$(BUILT_PRODUCTS_DIR)/SocialGood.app/SocialGood";
			};
			name = Release;
		};
		3FADA74320505221007AC45D /* Debug */ = {
			isa = XCBuildConfiguration;
			buildSettings = {
				ALWAYS_EMBED_SWIFT_STANDARD_LIBRARIES = YES;
				CODE_SIGN_STYLE = Automatic;
				INFOPLIST_FILE = SocialGoodUITests/Info.plist;
				LD_RUNPATH_SEARCH_PATHS = "$(inherited) @executable_path/Frameworks @loader_path/Frameworks";
				PRODUCT_BUNDLE_IDENTIFIER = edu.bths.SocialGoodUITests;
				PRODUCT_NAME = "$(TARGET_NAME)";
				SWIFT_VERSION = 4.0;
				TARGETED_DEVICE_FAMILY = "1,2";
				TEST_TARGET_NAME = SocialGood;
			};
			name = Debug;
		};
		3FADA74420505221007AC45D /* Release */ = {
			isa = XCBuildConfiguration;
			buildSettings = {
				ALWAYS_EMBED_SWIFT_STANDARD_LIBRARIES = YES;
				CODE_SIGN_STYLE = Automatic;
				INFOPLIST_FILE = SocialGoodUITests/Info.plist;
				LD_RUNPATH_SEARCH_PATHS = "$(inherited) @executable_path/Frameworks @loader_path/Frameworks";
				PRODUCT_BUNDLE_IDENTIFIER = edu.bths.SocialGoodUITests;
				PRODUCT_NAME = "$(TARGET_NAME)";
				SWIFT_VERSION = 4.0;
				TARGETED_DEVICE_FAMILY = "1,2";
				TEST_TARGET_NAME = SocialGood;
			};
			name = Release;
		};
/* End XCBuildConfiguration section */

/* Begin XCConfigurationList section */
		3FADA70F20505221007AC45D /* Build configuration list for PBXProject "SocialGood" */ = {
			isa = XCConfigurationList;
			buildConfigurations = (
				3FADA73A20505221007AC45D /* Debug */,
				3FADA73B20505221007AC45D /* Release */,
			);
			defaultConfigurationIsVisible = 0;
			defaultConfigurationName = Release;
		};
		3FADA73C20505221007AC45D /* Build configuration list for PBXNativeTarget "SocialGood" */ = {
			isa = XCConfigurationList;
			buildConfigurations = (
				3FADA73D20505221007AC45D /* Debug */,
				3FADA73E20505221007AC45D /* Release */,
			);
			defaultConfigurationIsVisible = 0;
			defaultConfigurationName = Release;
		};
		3FADA73F20505221007AC45D /* Build configuration list for PBXNativeTarget "SocialGoodTests" */ = {
			isa = XCConfigurationList;
			buildConfigurations = (
				3FADA74020505221007AC45D /* Debug */,
				3FADA74120505221007AC45D /* Release */,
			);
			defaultConfigurationIsVisible = 0;
			defaultConfigurationName = Release;
		};
		3FADA74220505221007AC45D /* Build configuration list for PBXNativeTarget "SocialGoodUITests" */ = {
			isa = XCConfigurationList;
			buildConfigurations = (
				3FADA74320505221007AC45D /* Debug */,
				3FADA74420505221007AC45D /* Release */,
			);
			defaultConfigurationIsVisible = 0;
			defaultConfigurationName = Release;
		};
/* End XCConfigurationList section */
	};
	rootObject = 3FADA70C20505221007AC45D /* Project object */;
}
