// !$*UTF8*$!
{
	archiveVersion = 1;
	classes = {
	};
	objectVersion = 48;
	objects = {

/* Begin PBXBuildFile section */
		3F3E868A2080FC60003E8BCA /* SelectButton.swift in Sources */ = {isa = PBXBuildFile; fileRef = 3F3E86892080FC60003E8BCA /* SelectButton.swift */; };
		3F67232920615495008BD8E4 /* NewGameScene.sks in Resources */ = {isa = PBXBuildFile; fileRef = 3F67232820615495008BD8E4 /* NewGameScene.sks */; };
		3F88798C20C1937D00F154A6 /* TestViewController.swift in Sources */ = {isa = PBXBuildFile; fileRef = 3F88798B20C1937D00F154A6 /* TestViewController.swift */; };
		3F88798E20C19B7C00F154A6 /* StockTableViewCell.swift in Sources */ = {isa = PBXBuildFile; fileRef = 3F88798D20C19B7C00F154A6 /* StockTableViewCell.swift */; };
		3F8AC26E205C11AD00FA2372 /* NewGameScene.swift in Sources */ = {isa = PBXBuildFile; fileRef = 3F8AC26D205C11AD00FA2372 /* NewGameScene.swift */; };
		3F9B088320AB2C58004CCC11 /* AVFoundation.framework in Frameworks */ = {isa = PBXBuildFile; fileRef = 3F9B088220AB2C57004CCC11 /* AVFoundation.framework */; };
		3F9C51D6207FAE2100D48CAB /* ViewController.swift in Sources */ = {isa = PBXBuildFile; fileRef = 3F9C51D5207FAE2100D48CAB /* ViewController.swift */; };
		3FA1135A205970070059A899 /* AppDelegate.swift in Sources */ = {isa = PBXBuildFile; fileRef = 3FA11359205970070059A899 /* AppDelegate.swift */; };
		3FA1135E205970080059A899 /* Actions.sks in Resources */ = {isa = PBXBuildFile; fileRef = 3FA1135D205970080059A899 /* Actions.sks */; };
		3FA11360205970080059A899 /* GameScene.swift in Sources */ = {isa = PBXBuildFile; fileRef = 3FA1135F205970080059A899 /* GameScene.swift */; };
		3FA11362205970080059A899 /* GameViewController.swift in Sources */ = {isa = PBXBuildFile; fileRef = 3FA11361205970080059A899 /* GameViewController.swift */; };
		3FA11365205970080059A899 /* Main.storyboard in Resources */ = {isa = PBXBuildFile; fileRef = 3FA11363205970080059A899 /* Main.storyboard */; };
		3FA1136A205970080059A899 /* LaunchScreen.storyboard in Resources */ = {isa = PBXBuildFile; fileRef = 3FA11368205970080059A899 /* LaunchScreen.storyboard */; };
		3FA11375205970080059A899 /* testVHTests.swift in Sources */ = {isa = PBXBuildFile; fileRef = 3FA11374205970080059A899 /* testVHTests.swift */; };
		3FA11380205970080059A899 /* testVHUITests.swift in Sources */ = {isa = PBXBuildFile; fileRef = 3FA1137F205970080059A899 /* testVHUITests.swift */; };
		3FA5CF7D209376E600CC8A07 /* PopUpViewController.swift in Sources */ = {isa = PBXBuildFile; fileRef = 3FA5CF7C209376E600CC8A07 /* PopUpViewController.swift */; };
		3FAE51E62065471C00780A86 /* GameScene.sks in Resources */ = {isa = PBXBuildFile; fileRef = 3FAE51E52065471C00780A86 /* GameScene.sks */; };
		3FAE51E8206550A900780A86 /* OptionsScene.swift in Sources */ = {isa = PBXBuildFile; fileRef = 3FAE51E7206550A900780A86 /* OptionsScene.swift */; };
		3FAE51EA206550C000780A86 /* OptionsScene.sks in Resources */ = {isa = PBXBuildFile; fileRef = 3FAE51E9206550C000780A86 /* OptionsScene.sks */; };
		3FAE51EC206550FF00780A86 /* CreditsScene.swift in Sources */ = {isa = PBXBuildFile; fileRef = 3FAE51EB206550FF00780A86 /* CreditsScene.swift */; };
		3FAE51EE2065510C00780A86 /* CreditsScene.sks in Resources */ = {isa = PBXBuildFile; fileRef = 3FAE51ED2065510C00780A86 /* CreditsScene.sks */; };
		3FEB834920A0A219006F0A87 /* Stock.swift in Sources */ = {isa = PBXBuildFile; fileRef = 3FEB834820A0A219006F0A87 /* Stock.swift */; };
		3FEB834B20A0A23B006F0A87 /* Profile.swift in Sources */ = {isa = PBXBuildFile; fileRef = 3FEB834A20A0A23B006F0A87 /* Profile.swift */; };
		3FEB835120A0A4D9006F0A87 /* Assets.xcassets in Resources */ = {isa = PBXBuildFile; fileRef = 3FEB835020A0A4D9006F0A87 /* Assets.xcassets */; };
		3FEB835720A0A7E2006F0A87 /* MontereyFLF-Bold.ttf in Resources */ = {isa = PBXBuildFile; fileRef = 3FEB835620A0A7E2006F0A87 /* MontereyFLF-Bold.ttf */; };
/* End PBXBuildFile section */

/* Begin PBXContainerItemProxy section */
		3FA11371205970080059A899 /* PBXContainerItemProxy */ = {
			isa = PBXContainerItemProxy;
			containerPortal = 3FA1134E205970070059A899 /* Project object */;
			proxyType = 1;
			remoteGlobalIDString = 3FA11355205970070059A899;
			remoteInfo = testVH;
		};
		3FA1137C205970080059A899 /* PBXContainerItemProxy */ = {
			isa = PBXContainerItemProxy;
			containerPortal = 3FA1134E205970070059A899 /* Project object */;
			proxyType = 1;
			remoteGlobalIDString = 3FA11355205970070059A899;
			remoteInfo = testVH;
		};
/* End PBXContainerItemProxy section */

/* Begin PBXFileReference section */
		3F3E86892080FC60003E8BCA /* SelectButton.swift */ = {isa = PBXFileReference; lastKnownFileType = sourcecode.swift; path = SelectButton.swift; sourceTree = "<group>"; };
		3F67232820615495008BD8E4 /* NewGameScene.sks */ = {isa = PBXFileReference; lastKnownFileType = file.sks; path = NewGameScene.sks; sourceTree = "<group>"; };
		3F88798B20C1937D00F154A6 /* TestViewController.swift */ = {isa = PBXFileReference; lastKnownFileType = sourcecode.swift; path = TestViewController.swift; sourceTree = "<group>"; };
		3F88798D20C19B7C00F154A6 /* StockTableViewCell.swift */ = {isa = PBXFileReference; lastKnownFileType = sourcecode.swift; path = StockTableViewCell.swift; sourceTree = "<group>"; };
		3F8AC26D205C11AD00FA2372 /* NewGameScene.swift */ = {isa = PBXFileReference; lastKnownFileType = sourcecode.swift; path = NewGameScene.swift; sourceTree = "<group>"; };
		3F9B088220AB2C57004CCC11 /* AVFoundation.framework */ = {isa = PBXFileReference; lastKnownFileType = wrapper.framework; name = AVFoundation.framework; path = System/Library/Frameworks/AVFoundation.framework; sourceTree = SDKROOT; };
		3F9C51D5207FAE2100D48CAB /* ViewController.swift */ = {isa = PBXFileReference; lastKnownFileType = sourcecode.swift; path = ViewController.swift; sourceTree = "<group>"; };
		3FA11356205970070059A899 /* testVH.app */ = {isa = PBXFileReference; explicitFileType = wrapper.application; includeInIndex = 0; path = testVH.app; sourceTree = BUILT_PRODUCTS_DIR; };
		3FA11359205970070059A899 /* AppDelegate.swift */ = {isa = PBXFileReference; lastKnownFileType = sourcecode.swift; path = AppDelegate.swift; sourceTree = "<group>"; };
		3FA1135D205970080059A899 /* Actions.sks */ = {isa = PBXFileReference; lastKnownFileType = file.sks; path = Actions.sks; sourceTree = "<group>"; };
		3FA1135F205970080059A899 /* GameScene.swift */ = {isa = PBXFileReference; lastKnownFileType = sourcecode.swift; path = GameScene.swift; sourceTree = "<group>"; };
		3FA11361205970080059A899 /* GameViewController.swift */ = {isa = PBXFileReference; lastKnownFileType = sourcecode.swift; path = GameViewController.swift; sourceTree = "<group>"; };
		3FA11364205970080059A899 /* Base */ = {isa = PBXFileReference; lastKnownFileType = file.storyboard; name = Base; path = Base.lproj/Main.storyboard; sourceTree = "<group>"; };
		3FA11369205970080059A899 /* Base */ = {isa = PBXFileReference; lastKnownFileType = file.storyboard; name = Base; path = Base.lproj/LaunchScreen.storyboard; sourceTree = "<group>"; };
		3FA1136B205970080059A899 /* Info.plist */ = {isa = PBXFileReference; lastKnownFileType = text.plist.xml; path = Info.plist; sourceTree = "<group>"; };
		3FA11370205970080059A899 /* testVHTests.xctest */ = {isa = PBXFileReference; explicitFileType = wrapper.cfbundle; includeInIndex = 0; path = testVHTests.xctest; sourceTree = BUILT_PRODUCTS_DIR; };
		3FA11374205970080059A899 /* testVHTests.swift */ = {isa = PBXFileReference; lastKnownFileType = sourcecode.swift; path = testVHTests.swift; sourceTree = "<group>"; };
		3FA11376205970080059A899 /* Info.plist */ = {isa = PBXFileReference; lastKnownFileType = text.plist.xml; path = Info.plist; sourceTree = "<group>"; };
		3FA1137B205970080059A899 /* testVHUITests.xctest */ = {isa = PBXFileReference; explicitFileType = wrapper.cfbundle; includeInIndex = 0; path = testVHUITests.xctest; sourceTree = BUILT_PRODUCTS_DIR; };
		3FA1137F205970080059A899 /* testVHUITests.swift */ = {isa = PBXFileReference; lastKnownFileType = sourcecode.swift; path = testVHUITests.swift; sourceTree = "<group>"; };
		3FA11381205970080059A899 /* Info.plist */ = {isa = PBXFileReference; lastKnownFileType = text.plist.xml; path = Info.plist; sourceTree = "<group>"; };
		3FA3BB4A20C828B700981161 /* Coin01.aif */ = {isa = PBXFileReference; lastKnownFileType = file; path = Coin01.aif; sourceTree = "<group>"; };
		3FA5CF7C209376E600CC8A07 /* PopUpViewController.swift */ = {isa = PBXFileReference; lastKnownFileType = sourcecode.swift; path = PopUpViewController.swift; sourceTree = "<group>"; };
		3FAE51E52065471C00780A86 /* GameScene.sks */ = {isa = PBXFileReference; lastKnownFileType = file.sks; path = GameScene.sks; sourceTree = "<group>"; };
		3FAE51E7206550A900780A86 /* OptionsScene.swift */ = {isa = PBXFileReference; lastKnownFileType = sourcecode.swift; path = OptionsScene.swift; sourceTree = "<group>"; };
		3FAE51E9206550C000780A86 /* OptionsScene.sks */ = {isa = PBXFileReference; lastKnownFileType = file.sks; path = OptionsScene.sks; sourceTree = "<group>"; };
		3FAE51EB206550FF00780A86 /* CreditsScene.swift */ = {isa = PBXFileReference; lastKnownFileType = sourcecode.swift; path = CreditsScene.swift; sourceTree = "<group>"; };
		3FAE51ED2065510C00780A86 /* CreditsScene.sks */ = {isa = PBXFileReference; lastKnownFileType = file.sks; path = CreditsScene.sks; sourceTree = "<group>"; };
		3FEB834820A0A219006F0A87 /* Stock.swift */ = {isa = PBXFileReference; lastKnownFileType = sourcecode.swift; path = Stock.swift; sourceTree = "<group>"; };
		3FEB834A20A0A23B006F0A87 /* Profile.swift */ = {isa = PBXFileReference; lastKnownFileType = sourcecode.swift; path = Profile.swift; sourceTree = "<group>"; };
		3FEB835020A0A4D9006F0A87 /* Assets.xcassets */ = {isa = PBXFileReference; lastKnownFileType = folder.assetcatalog; path = Assets.xcassets; sourceTree = "<group>"; };
		3FEB835620A0A7E2006F0A87 /* MontereyFLF-Bold.ttf */ = {isa = PBXFileReference; lastKnownFileType = file; path = "MontereyFLF-Bold.ttf"; sourceTree = "<group>"; };
/* End PBXFileReference section */

/* Begin PBXFrameworksBuildPhase section */
		3FA11353205970070059A899 /* Frameworks */ = {
			isa = PBXFrameworksBuildPhase;
			buildActionMask = 2147483647;
			files = (
				3F9B088320AB2C58004CCC11 /* AVFoundation.framework in Frameworks */,
			);
			runOnlyForDeploymentPostprocessing = 0;
		};
		3FA1136D205970080059A899 /* Frameworks */ = {
			isa = PBXFrameworksBuildPhase;
			buildActionMask = 2147483647;
			files = (
			);
			runOnlyForDeploymentPostprocessing = 0;
		};
		3FA11378205970080059A899 /* Frameworks */ = {
			isa = PBXFrameworksBuildPhase;
			buildActionMask = 2147483647;
			files = (
			);
			runOnlyForDeploymentPostprocessing = 0;
		};
/* End PBXFrameworksBuildPhase section */

/* Begin PBXGroup section */
		3F9B088120AB2C57004CCC11 /* Frameworks */ = {
			isa = PBXGroup;
			children = (
				3F9B088220AB2C57004CCC11 /* AVFoundation.framework */,
			);
			name = Frameworks;
			sourceTree = "<group>";
		};
		3FA1134D205970070059A899 = {
			isa = PBXGroup;
			children = (
				3FA11358205970070059A899 /* testVH */,
				3FA11373205970080059A899 /* testVHTests */,
				3FA1137E205970080059A899 /* testVHUITests */,
				3FA11357205970070059A899 /* Products */,
				3F9B088120AB2C57004CCC11 /* Frameworks */,
			);
			sourceTree = "<group>";
		};
		3FA11357205970070059A899 /* Products */ = {
			isa = PBXGroup;
			children = (
				3FA11356205970070059A899 /* testVH.app */,
				3FA11370205970080059A899 /* testVHTests.xctest */,
				3FA1137B205970080059A899 /* testVHUITests.xctest */,
			);
			name = Products;
			sourceTree = "<group>";
		};
		3FA11358205970070059A899 /* testVH */ = {
			isa = PBXGroup;
			children = (
				3FA3BB4920C828A600981161 /* sound */,
				3FEB835520A0A78A006F0A87 /* fonts */,
				3FEB835020A0A4D9006F0A87 /* Assets.xcassets */,
				3FA3BB4A20C828B700981161 /* Coin01.aif */,
				3FA11359205970070059A899 /* AppDelegate.swift */,
				3FA1135D205970080059A899 /* Actions.sks */,
				3FAE51E52065471C00780A86 /* GameScene.sks */,
				3FA1135F205970080059A899 /* GameScene.swift */,
				3FA11363205970080059A899 /* Main.storyboard */,
				3F88798B20C1937D00F154A6 /* TestViewController.swift */,
				3FA11368205970080059A899 /* LaunchScreen.storyboard */,
				3FA1136B205970080059A899 /* Info.plist */,
				3F67232820615495008BD8E4 /* NewGameScene.sks */,
				3F8AC26D205C11AD00FA2372 /* NewGameScene.swift */,
				3FA11361205970080059A899 /* GameViewController.swift */,
				3FAE51E7206550A900780A86 /* OptionsScene.swift */,
				3FAE51E9206550C000780A86 /* OptionsScene.sks */,
				3FAE51EB206550FF00780A86 /* CreditsScene.swift */,
				3FAE51ED2065510C00780A86 /* CreditsScene.sks */,
				3F9C51D5207FAE2100D48CAB /* ViewController.swift */,
				3F3E86892080FC60003E8BCA /* SelectButton.swift */,
				3FA5CF7C209376E600CC8A07 /* PopUpViewController.swift */,
				3FEB834820A0A219006F0A87 /* Stock.swift */,
				3FEB834A20A0A23B006F0A87 /* Profile.swift */,
				3F88798D20C19B7C00F154A6 /* StockTableViewCell.swift */,
			);
			path = testVH;
			sourceTree = "<group>";
		};
		3FA11373205970080059A899 /* testVHTests */ = {
			isa = PBXGroup;
			children = (
				3FA11374205970080059A899 /* testVHTests.swift */,
				3FA11376205970080059A899 /* Info.plist */,
			);
			path = testVHTests;
			sourceTree = "<group>";
		};
		3FA1137E205970080059A899 /* testVHUITests */ = {
			isa = PBXGroup;
			children = (
				3FA1137F205970080059A899 /* testVHUITests.swift */,
				3FA11381205970080059A899 /* Info.plist */,
			);
			path = testVHUITests;
			sourceTree = "<group>";
		};
		3FA3BB4920C828A600981161 /* sound */ = {
			isa = PBXGroup;
			children = (
			);
			path = sound;
			sourceTree = "<group>";
		};
		3FEB835520A0A78A006F0A87 /* fonts */ = {
			isa = PBXGroup;
			children = (
				3FEB835620A0A7E2006F0A87 /* MontereyFLF-Bold.ttf */,
			);
			name = fonts;
			path = "New Group";
			sourceTree = "<group>";
		};
/* End PBXGroup section */

/* Begin PBXNativeTarget section */
		3FA11355205970070059A899 /* testVH */ = {
			isa = PBXNativeTarget;
			buildConfigurationList = 3FA11384205970080059A899 /* Build configuration list for PBXNativeTarget "testVH" */;
			buildPhases = (
				3FA11352205970070059A899 /* Sources */,
				3FA11353205970070059A899 /* Frameworks */,
				3FA11354205970070059A899 /* Resources */,
			);
			buildRules = (
			);
			dependencies = (
			);
			name = testVH;
			productName = testVH;
			productReference = 3FA11356205970070059A899 /* testVH.app */;
			productType = "com.apple.product-type.application";
		};
		3FA1136F205970080059A899 /* testVHTests */ = {
			isa = PBXNativeTarget;
			buildConfigurationList = 3FA11387205970080059A899 /* Build configuration list for PBXNativeTarget "testVHTests" */;
			buildPhases = (
				3FA1136C205970080059A899 /* Sources */,
				3FA1136D205970080059A899 /* Frameworks */,
				3FA1136E205970080059A899 /* Resources */,
			);
			buildRules = (
			);
			dependencies = (
				3FA11372205970080059A899 /* PBXTargetDependency */,
			);
			name = testVHTests;
			productName = testVHTests;
			productReference = 3FA11370205970080059A899 /* testVHTests.xctest */;
			productType = "com.apple.product-type.bundle.unit-test";
		};
		3FA1137A205970080059A899 /* testVHUITests */ = {
			isa = PBXNativeTarget;
			buildConfigurationList = 3FA1138A205970080059A899 /* Build configuration list for PBXNativeTarget "testVHUITests" */;
			buildPhases = (
				3FA11377205970080059A899 /* Sources */,
				3FA11378205970080059A899 /* Frameworks */,
				3FA11379205970080059A899 /* Resources */,
			);
			buildRules = (
			);
			dependencies = (
				3FA1137D205970080059A899 /* PBXTargetDependency */,
			);
			name = testVHUITests;
			productName = testVHUITests;
			productReference = 3FA1137B205970080059A899 /* testVHUITests.xctest */;
			productType = "com.apple.product-type.bundle.ui-testing";
		};
/* End PBXNativeTarget section */

/* Begin PBXProject section */
		3FA1134E205970070059A899 /* Project object */ = {
			isa = PBXProject;
			attributes = {
				LastSwiftUpdateCheck = 0920;
				LastUpgradeCheck = 0920;
				ORGANIZATIONNAME = Student;
				TargetAttributes = {
					3FA11355205970070059A899 = {
						CreatedOnToolsVersion = 9.2;
						ProvisioningStyle = Automatic;
					};
					3FA1136F205970080059A899 = {
						CreatedOnToolsVersion = 9.2;
						ProvisioningStyle = Automatic;
						TestTargetID = 3FA11355205970070059A899;
					};
					3FA1137A205970080059A899 = {
						CreatedOnToolsVersion = 9.2;
						ProvisioningStyle = Automatic;
						TestTargetID = 3FA11355205970070059A899;
					};
				};
			};
			buildConfigurationList = 3FA11351205970070059A899 /* Build configuration list for PBXProject "testVH" */;
			compatibilityVersion = "Xcode 8.0";
			developmentRegion = en;
			hasScannedForEncodings = 0;
			knownRegions = (
				en,
				Base,
			);
			mainGroup = 3FA1134D205970070059A899;
			productRefGroup = 3FA11357205970070059A899 /* Products */;
			projectDirPath = "";
			projectRoot = "";
			targets = (
				3FA11355205970070059A899 /* testVH */,
				3FA1136F205970080059A899 /* testVHTests */,
				3FA1137A205970080059A899 /* testVHUITests */,
			);
		};
/* End PBXProject section */

/* Begin PBXResourcesBuildPhase section */
		3FA11354205970070059A899 /* Resources */ = {
			isa = PBXResourcesBuildPhase;
			buildActionMask = 2147483647;
			files = (
				3FEB835720A0A7E2006F0A87 /* MontereyFLF-Bold.ttf in Resources */,
				3FA11365205970080059A899 /* Main.storyboard in Resources */,
				3F67232920615495008BD8E4 /* NewGameScene.sks in Resources */,
				3FAE51EE2065510C00780A86 /* CreditsScene.sks in Resources */,
				3FA1136A205970080059A899 /* LaunchScreen.storyboard in Resources */,
				3FAE51E62065471C00780A86 /* GameScene.sks in Resources */,
				3FAE51EA206550C000780A86 /* OptionsScene.sks in Resources */,
				3FEB835120A0A4D9006F0A87 /* Assets.xcassets in Resources */,
				3FA1135E205970080059A899 /* Actions.sks in Resources */,
			);
			runOnlyForDeploymentPostprocessing = 0;
		};
		3FA1136E205970080059A899 /* Resources */ = {
			isa = PBXResourcesBuildPhase;
			buildActionMask = 2147483647;
			files = (
			);
			runOnlyForDeploymentPostprocessing = 0;
		};
		3FA11379205970080059A899 /* Resources */ = {
			isa = PBXResourcesBuildPhase;
			buildActionMask = 2147483647;
			files = (
			);
			runOnlyForDeploymentPostprocessing = 0;
		};
/* End PBXResourcesBuildPhase section */

/* Begin PBXSourcesBuildPhase section */
		3FA11352205970070059A899 /* Sources */ = {
			isa = PBXSourcesBuildPhase;
			buildActionMask = 2147483647;
			files = (
				3FA11360205970080059A899 /* GameScene.swift in Sources */,
				3F3E868A2080FC60003E8BCA /* SelectButton.swift in Sources */,
				3FA11362205970080059A899 /* GameViewController.swift in Sources */,
				3FA1135A205970070059A899 /* AppDelegate.swift in Sources */,
				3FAE51E8206550A900780A86 /* OptionsScene.swift in Sources */,
				3F9C51D6207FAE2100D48CAB /* ViewController.swift in Sources */,
				3F8AC26E205C11AD00FA2372 /* NewGameScene.swift in Sources */,
				3FA5CF7D209376E600CC8A07 /* PopUpViewController.swift in Sources */,
				3FEB834B20A0A23B006F0A87 /* Profile.swift in Sources */,
				3F88798E20C19B7C00F154A6 /* StockTableViewCell.swift in Sources */,
				3FEB834920A0A219006F0A87 /* Stock.swift in Sources */,
				3F88798C20C1937D00F154A6 /* TestViewController.swift in Sources */,
				3FAE51EC206550FF00780A86 /* CreditsScene.swift in Sources */,
			);
			runOnlyForDeploymentPostprocessing = 0;
		};
		3FA1136C205970080059A899 /* Sources */ = {
			isa = PBXSourcesBuildPhase;
			buildActionMask = 2147483647;
			files = (
				3FA11375205970080059A899 /* testVHTests.swift in Sources */,
			);
			runOnlyForDeploymentPostprocessing = 0;
		};
		3FA11377205970080059A899 /* Sources */ = {
			isa = PBXSourcesBuildPhase;
			buildActionMask = 2147483647;
			files = (
				3FA11380205970080059A899 /* testVHUITests.swift in Sources */,
			);
			runOnlyForDeploymentPostprocessing = 0;
		};
/* End PBXSourcesBuildPhase section */

/* Begin PBXTargetDependency section */
		3FA11372205970080059A899 /* PBXTargetDependency */ = {
			isa = PBXTargetDependency;
			target = 3FA11355205970070059A899 /* testVH */;
			targetProxy = 3FA11371205970080059A899 /* PBXContainerItemProxy */;
		};
		3FA1137D205970080059A899 /* PBXTargetDependency */ = {
			isa = PBXTargetDependency;
			target = 3FA11355205970070059A899 /* testVH */;
			targetProxy = 3FA1137C205970080059A899 /* PBXContainerItemProxy */;
		};
/* End PBXTargetDependency section */

/* Begin PBXVariantGroup section */
		3FA11363205970080059A899 /* Main.storyboard */ = {
			isa = PBXVariantGroup;
			children = (
				3FA11364205970080059A899 /* Base */,
			);
			name = Main.storyboard;
			sourceTree = "<group>";
		};
		3FA11368205970080059A899 /* LaunchScreen.storyboard */ = {
			isa = PBXVariantGroup;
			children = (
				3FA11369205970080059A899 /* Base */,
			);
			name = LaunchScreen.storyboard;
			sourceTree = "<group>";
		};
/* End PBXVariantGroup section */

/* Begin XCBuildConfiguration section */
		3FA11382205970080059A899 /* Debug */ = {
			isa = XCBuildConfiguration;
			buildSettings = {
				ALWAYS_SEARCH_USER_PATHS = NO;
				CLANG_ANALYZER_NONNULL = YES;
				CLANG_ANALYZER_NUMBER_OBJECT_CONVERSION = YES_AGGRESSIVE;
				CLANG_CXX_LANGUAGE_STANDARD = "gnu++14";
				CLANG_CXX_LIBRARY = "libc++";
				CLANG_ENABLE_MODULES = YES;
				CLANG_ENABLE_OBJC_ARC = YES;
				CLANG_WARN_BLOCK_CAPTURE_AUTORELEASING = YES;
				CLANG_WARN_BOOL_CONVERSION = YES;
				CLANG_WARN_COMMA = YES;
				CLANG_WARN_CONSTANT_CONVERSION = YES;
				CLANG_WARN_DIRECT_OBJC_ISA_USAGE = YES_ERROR;
				CLANG_WARN_DOCUMENTATION_COMMENTS = YES;
				CLANG_WARN_EMPTY_BODY = YES;
				CLANG_WARN_ENUM_CONVERSION = YES;
				CLANG_WARN_INFINITE_RECURSION = YES;
				CLANG_WARN_INT_CONVERSION = YES;
				CLANG_WARN_NON_LITERAL_NULL_CONVERSION = YES;
				CLANG_WARN_OBJC_LITERAL_CONVERSION = YES;
				CLANG_WARN_OBJC_ROOT_CLASS = YES_ERROR;
				CLANG_WARN_RANGE_LOOP_ANALYSIS = YES;
				CLANG_WARN_STRICT_PROTOTYPES = YES;
				CLANG_WARN_SUSPICIOUS_MOVE = YES;
				CLANG_WARN_UNGUARDED_AVAILABILITY = YES_AGGRESSIVE;
				CLANG_WARN_UNREACHABLE_CODE = YES;
				CLANG_WARN__DUPLICATE_METHOD_MATCH = YES;
				CODE_SIGN_IDENTITY = "iPhone Developer";
				COPY_PHASE_STRIP = NO;
				DEBUG_INFORMATION_FORMAT = dwarf;
				ENABLE_STRICT_OBJC_MSGSEND = YES;
				ENABLE_TESTABILITY = YES;
				GCC_C_LANGUAGE_STANDARD = gnu11;
				GCC_DYNAMIC_NO_PIC = NO;
				GCC_NO_COMMON_BLOCKS = YES;
				GCC_OPTIMIZATION_LEVEL = 0;
				GCC_PREPROCESSOR_DEFINITIONS = (
					"DEBUG=1",
					"$(inherited)",
				);
				GCC_WARN_64_TO_32_BIT_CONVERSION = YES;
				GCC_WARN_ABOUT_RETURN_TYPE = YES_ERROR;
				GCC_WARN_UNDECLARED_SELECTOR = YES;
				GCC_WARN_UNINITIALIZED_AUTOS = YES_AGGRESSIVE;
				GCC_WARN_UNUSED_FUNCTION = YES;
				GCC_WARN_UNUSED_VARIABLE = YES;
				IPHONEOS_DEPLOYMENT_TARGET = 11.2;
				MTL_ENABLE_DEBUG_INFO = YES;
				ONLY_ACTIVE_ARCH = YES;
				SDKROOT = iphoneos;
				SWIFT_ACTIVE_COMPILATION_CONDITIONS = DEBUG;
				SWIFT_OPTIMIZATION_LEVEL = "-Onone";
			};
			name = Debug;
		};
		3FA11383205970080059A899 /* Release */ = {
			isa = XCBuildConfiguration;
			buildSettings = {
				ALWAYS_SEARCH_USER_PATHS = NO;
				CLANG_ANALYZER_NONNULL = YES;
				CLANG_ANALYZER_NUMBER_OBJECT_CONVERSION = YES_AGGRESSIVE;
				CLANG_CXX_LANGUAGE_STANDARD = "gnu++14";
				CLANG_CXX_LIBRARY = "libc++";
				CLANG_ENABLE_MODULES = YES;
				CLANG_ENABLE_OBJC_ARC = YES;
				CLANG_WARN_BLOCK_CAPTURE_AUTORELEASING = YES;
				CLANG_WARN_BOOL_CONVERSION = YES;
				CLANG_WARN_COMMA = YES;
				CLANG_WARN_CONSTANT_CONVERSION = YES;
				CLANG_WARN_DIRECT_OBJC_ISA_USAGE = YES_ERROR;
				CLANG_WARN_DOCUMENTATION_COMMENTS = YES;
				CLANG_WARN_EMPTY_BODY = YES;
				CLANG_WARN_ENUM_CONVERSION = YES;
				CLANG_WARN_INFINITE_RECURSION = YES;
				CLANG_WARN_INT_CONVERSION = YES;
				CLANG_WARN_NON_LITERAL_NULL_CONVERSION = YES;
				CLANG_WARN_OBJC_LITERAL_CONVERSION = YES;
				CLANG_WARN_OBJC_ROOT_CLASS = YES_ERROR;
				CLANG_WARN_RANGE_LOOP_ANALYSIS = YES;
				CLANG_WARN_STRICT_PROTOTYPES = YES;
				CLANG_WARN_SUSPICIOUS_MOVE = YES;
				CLANG_WARN_UNGUARDED_AVAILABILITY = YES_AGGRESSIVE;
				CLANG_WARN_UNREACHABLE_CODE = YES;
				CLANG_WARN__DUPLICATE_METHOD_MATCH = YES;
				CODE_SIGN_IDENTITY = "iPhone Developer";
				COPY_PHASE_STRIP = NO;
				DEBUG_INFORMATION_FORMAT = "dwarf-with-dsym";
				ENABLE_NS_ASSERTIONS = NO;
				ENABLE_STRICT_OBJC_MSGSEND = YES;
				GCC_C_LANGUAGE_STANDARD = gnu11;
				GCC_NO_COMMON_BLOCKS = YES;
				GCC_WARN_64_TO_32_BIT_CONVERSION = YES;
				GCC_WARN_ABOUT_RETURN_TYPE = YES_ERROR;
				GCC_WARN_UNDECLARED_SELECTOR = YES;
				GCC_WARN_UNINITIALIZED_AUTOS = YES_AGGRESSIVE;
				GCC_WARN_UNUSED_FUNCTION = YES;
				GCC_WARN_UNUSED_VARIABLE = YES;
				IPHONEOS_DEPLOYMENT_TARGET = 11.2;
				MTL_ENABLE_DEBUG_INFO = NO;
				SDKROOT = iphoneos;
				SWIFT_OPTIMIZATION_LEVEL = "-Owholemodule";
				VALIDATE_PRODUCT = YES;
			};
			name = Release;
		};
		3FA11385205970080059A899 /* Debug */ = {
			isa = XCBuildConfiguration;
			buildSettings = {
				ASSETCATALOG_COMPILER_APPICON_NAME = AppIcon;
				CODE_SIGN_STYLE = Automatic;
				INFOPLIST_FILE = testVH/Info.plist;
				LD_RUNPATH_SEARCH_PATHS = "$(inherited) @executable_path/Frameworks";
				PRODUCT_BUNDLE_IDENTIFIER = edu.bths.testVH;
				PRODUCT_NAME = "$(TARGET_NAME)";
				SWIFT_VERSION = 4.0;
				TARGETED_DEVICE_FAMILY = "1,2";
			};
			name = Debug;
		};
		3FA11386205970080059A899 /* Release */ = {
			isa = XCBuildConfiguration;
			buildSettings = {
				ASSETCATALOG_COMPILER_APPICON_NAME = AppIcon;
				CODE_SIGN_STYLE = Automatic;
				INFOPLIST_FILE = testVH/Info.plist;
				LD_RUNPATH_SEARCH_PATHS = "$(inherited) @executable_path/Frameworks";
				PRODUCT_BUNDLE_IDENTIFIER = edu.bths.testVH;
				PRODUCT_NAME = "$(TARGET_NAME)";
				SWIFT_VERSION = 4.0;
				TARGETED_DEVICE_FAMILY = "1,2";
			};
			name = Release;
		};
		3FA11388205970080059A899 /* Debug */ = {
			isa = XCBuildConfiguration;
			buildSettings = {
				ALWAYS_EMBED_SWIFT_STANDARD_LIBRARIES = YES;
				BUNDLE_LOADER = "$(TEST_HOST)";
				CODE_SIGN_STYLE = Automatic;
				INFOPLIST_FILE = testVHTests/Info.plist;
				LD_RUNPATH_SEARCH_PATHS = "$(inherited) @executable_path/Frameworks @loader_path/Frameworks";
				PRODUCT_BUNDLE_IDENTIFIER = edu.bths.testVHTests;
				PRODUCT_NAME = "$(TARGET_NAME)";
				SWIFT_VERSION = 4.0;
				TARGETED_DEVICE_FAMILY = "1,2";
				TEST_HOST = "$(BUILT_PRODUCTS_DIR)/testVH.app/testVH";
			};
			name = Debug;
		};
		3FA11389205970080059A899 /* Release */ = {
			isa = XCBuildConfiguration;
			buildSettings = {
				ALWAYS_EMBED_SWIFT_STANDARD_LIBRARIES = YES;
				BUNDLE_LOADER = "$(TEST_HOST)";
				CODE_SIGN_STYLE = Automatic;
				INFOPLIST_FILE = testVHTests/Info.plist;
				LD_RUNPATH_SEARCH_PATHS = "$(inherited) @executable_path/Frameworks @loader_path/Frameworks";
				PRODUCT_BUNDLE_IDENTIFIER = edu.bths.testVHTests;
				PRODUCT_NAME = "$(TARGET_NAME)";
				SWIFT_VERSION = 4.0;
				TARGETED_DEVICE_FAMILY = "1,2";
				TEST_HOST = "$(BUILT_PRODUCTS_DIR)/testVH.app/testVH";
			};
			name = Release;
		};
		3FA1138B205970080059A899 /* Debug */ = {
			isa = XCBuildConfiguration;
			buildSettings = {
				ALWAYS_EMBED_SWIFT_STANDARD_LIBRARIES = YES;
				CODE_SIGN_STYLE = Automatic;
				INFOPLIST_FILE = testVHUITests/Info.plist;
				LD_RUNPATH_SEARCH_PATHS = "$(inherited) @executable_path/Frameworks @loader_path/Frameworks";
				PRODUCT_BUNDLE_IDENTIFIER = edu.bths.testVHUITests;
				PRODUCT_NAME = "$(TARGET_NAME)";
				SWIFT_VERSION = 4.0;
				TARGETED_DEVICE_FAMILY = "1,2";
				TEST_TARGET_NAME = testVH;
			};
			name = Debug;
		};
		3FA1138C205970080059A899 /* Release */ = {
			isa = XCBuildConfiguration;
			buildSettings = {
				ALWAYS_EMBED_SWIFT_STANDARD_LIBRARIES = YES;
				CODE_SIGN_STYLE = Automatic;
				INFOPLIST_FILE = testVHUITests/Info.plist;
				LD_RUNPATH_SEARCH_PATHS = "$(inherited) @executable_path/Frameworks @loader_path/Frameworks";
				PRODUCT_BUNDLE_IDENTIFIER = edu.bths.testVHUITests;
				PRODUCT_NAME = "$(TARGET_NAME)";
				SWIFT_VERSION = 4.0;
				TARGETED_DEVICE_FAMILY = "1,2";
				TEST_TARGET_NAME = testVH;
			};
			name = Release;
		};
/* End XCBuildConfiguration section */

/* Begin XCConfigurationList section */
		3FA11351205970070059A899 /* Build configuration list for PBXProject "testVH" */ = {
			isa = XCConfigurationList;
			buildConfigurations = (
				3FA11382205970080059A899 /* Debug */,
				3FA11383205970080059A899 /* Release */,
			);
			defaultConfigurationIsVisible = 0;
			defaultConfigurationName = Release;
		};
		3FA11384205970080059A899 /* Build configuration list for PBXNativeTarget "testVH" */ = {
			isa = XCConfigurationList;
			buildConfigurations = (
				3FA11385205970080059A899 /* Debug */,
				3FA11386205970080059A899 /* Release */,
			);
			defaultConfigurationIsVisible = 0;
			defaultConfigurationName = Release;
		};
		3FA11387205970080059A899 /* Build configuration list for PBXNativeTarget "testVHTests" */ = {
			isa = XCConfigurationList;
			buildConfigurations = (
				3FA11388205970080059A899 /* Debug */,
				3FA11389205970080059A899 /* Release */,
			);
			defaultConfigurationIsVisible = 0;
			defaultConfigurationName = Release;
		};
		3FA1138A205970080059A899 /* Build configuration list for PBXNativeTarget "testVHUITests" */ = {
			isa = XCConfigurationList;
			buildConfigurations = (
				3FA1138B205970080059A899 /* Debug */,
				3FA1138C205970080059A899 /* Release */,
			);
			defaultConfigurationIsVisible = 0;
			defaultConfigurationName = Release;
		};
/* End XCConfigurationList section */
	};
	rootObject = 3FA1134E205970070059A899 /* Project object */;
}
